
Microsoft Visual Studio Solution File, Format Version 12.00
# Visual Studio Version 16
VisualStudioVersion = 16.0.30406.217
MinimumVisualStudioVersion = 10.0.40219.1
Project("{8BC9CEB8-8B4A-11D0-8D11-00A0C91BC942}") = "PluginTest", "PluginTest.vcxproj", "{9ACE2019-05B7-4B87-A3B9-62DCA683A151}"
EndProject
Project("{8BC9CEB8-8B4A-11D0-8D11-00A0C91BC942}") = "PluginDll", "PluginDll\PluginDll.vcxproj", "{F6BE78CA-39F0-431F-8FE2-49DB9B190A87}"
EndProject
Project("{8BC9CEB8-8B4A-11D0-8D11-00A0C91BC942}") = "PluginReaderDll", "PluginReaderDll\PluginReaderDll.vcxproj", "{9E9A8911-4D7F-4173-91D6-05212F0CB929}"
EndProject
Global
	GlobalSection(SolutionConfigurationPlatforms) = preSolution
		Debug|x64 = Debug|x64
		Debug|x86 = Debug|x86
		Release|x64 = Release|x64
		Release|x86 = Release|x86
	EndGlobalSection
	GlobalSection(ProjectConfigurationPlatforms) = postSolution
		{9ACE2019-05B7-4B87-A3B9-62DCA683A151}.Debug|x64.ActiveCfg = Debug|x64
		{9ACE2019-05B7-4B87-A3B9-62DCA683A151}.Debug|x64.Build.0 = Debug|x64
		{9ACE2019-05B7-4B87-A3B9-62DCA683A151}.Debug|x86.ActiveCfg = Debug|Win32
		{9ACE2019-05B7-4B87-A3B9-62DCA683A151}.Debug|x86.Build.0 = Debug|Win32
		{9ACE2019-05B7-4B87-A3B9-62DCA683A151}.Release|x64.ActiveCfg = Release|x64
		{9ACE2019-05B7-4B87-A3B9-62DCA683A151}.Release|x64.Build.0 = Release|x64
		{9ACE2019-05B7-4B87-A3B9-62DCA683A151}.Release|x86.ActiveCfg = Release|Win32
		{9ACE2019-05B7-4B87-A3B9-62DCA683A151}.Release|x86.Build.0 = Release|Win32
		{F6BE78CA-39F0-431F-8FE2-49DB9B190A87}.Debug|x64.ActiveCfg = Debug|x64
		{F6BE78CA-39F0-431F-8FE2-49DB9B190A87}.Debug|x64.Build.0 = Debug|x64
		{F6BE78CA-39F0-431F-8FE2-49DB9B190A87}.Debug|x86.ActiveCfg = Debug|Win32
		{F6BE78CA-39F0-431F-8FE2-49DB9B190A87}.Debug|x86.Build.0 = Debug|Win32
		{F6BE78CA-39F0-431F-8FE2-49DB9B190A87}.Release|x64.ActiveCfg = Release|x64
		{F6BE78CA-39F0-431F-8FE2-49DB9B190A87}.Release|x64.Build.0 = Release|x64
		{F6BE78CA-39F0-431F-8FE2-49DB9B190A87}.Release|x86.ActiveCfg = Release|Win32
		{F6BE78CA-39F0-431F-8FE2-49DB9B190A87}.Release|x86.Build.0 = Release|Win32
		{9E9A8911-4D7F-4173-91D6-05212F0CB929}.Debug|x64.ActiveCfg = Debug|x64
		{9E9A8911-4D7F-4173-91D6-05212F0CB929}.Debug|x64.Build.0 = Debug|x64
		{9E9A8911-4D7F-4173-91D6-05212F0CB929}.Debug|x86.ActiveCfg = Debug|Win32
		{9E9A8911-4D7F-4173-91D6-05212F0CB929}.Debug|x86.Build.0 = Debug|Win32
		{9E9A8911-4D7F-4173-91D6-05212F0CB929}.Release|x64.ActiveCfg = Release|x64
		{9E9A8911-4D7F-4173-91D6-05212F0CB929}.Release|x64.Build.0 = Release|x64
		{9E9A8911-4D7F-4173-91D6-05212F0CB929}.Release|x86.ActiveCfg = Release|Win32
		{9E9A8911-4D7F-4173-91D6-05212F0CB929}.Release|x86.Build.0 = Release|Win32
	EndGlobalSection
	GlobalSection(SolutionProperties) = preSolution
		HideSolutionNode = FALSE
	EndGlobalSection
	GlobalSection(ExtensibilityGlobals) = postSolution
		SolutionGuid = {81BF70E8-2323-41B0-BEAC-7489EF017381}
	EndGlobalSection
EndGlobal
